
Microsoft Visual Studio Solution File, Format Version 12.00
# Visual Studio Version 16
VisualStudioVersion = 16.0.31829.152
MinimumVisualStudioVersion = 10.0.40219.1
Project("{FAE04EC0-301F-11D3-BF4B-00C04F79EFBC}") = "COMP1003", "COMP1003.csproj", "{79859280-00A8-4071-A2EB-0B8D5A545069}"
EndProject
Global
	GlobalSection(SolutionConfigurationPlatforms) = preSolution
		Debug|Any CPU = Debug|Any CPU
		Release|Any CPU = Release|Any CPU
	EndGlobalSection
	GlobalSection(ProjectConfigurationPlatforms) = postSolution
		{79859280-00A8-4071-A2EB-0B8D5A545069}.Debug|Any CPU.ActiveCfg = Debug|Any CPU
		{79859280-00A8-4071-A2EB-0B8D5A545069}.Debug|Any CPU.Build.0 = Debug|Any CPU
		{79859280-00A8-4071-A2EB-0B8D5A545069}.Release|Any CPU.ActiveCfg = Release|Any CPU
		{79859280-00A8-4071-A2EB-0B8D5A545069}.Release|Any CPU.Build.0 = Release|Any CPU
	EndGlobalSection
	GlobalSection(SolutionProperties) = preSolution
		HideSolutionNode = FALSE
	EndGlobalSection
	GlobalSection(ExtensibilityGlobals) = postSolution
		SolutionGuid = {C4DA3B32-A69C-46A0-B28E-68B6C0EFBBF7}
	EndGlobalSection
EndGlobal
